
Microsoft Visual Studio Solution File, Format Version 12.00
# Visual Studio Version 17
VisualStudioVersion = 17.14.37111.16 d17.14
MinimumVisualStudioVersion = 10.0.40219.1
Project("{FAE04EC0-301F-11D3-BF4B-00C04F79EFBC}") = "UP_Andreev_423", "UP_Andreev_423\UP_Andreev_423.csproj", "{2616CDA3-F713-48E3-B60B-BFB9A8CA186A}"
EndProject
Global
	GlobalSection(SolutionConfigurationPlatforms) = preSolution
		Debug|Any CPU = Debug|Any CPU
		Release|Any CPU = Release|Any CPU
	EndGlobalSection
	GlobalSection(ProjectConfigurationPlatforms) = postSolution
		{2616CDA3-F713-48E3-B60B-BFB9A8CA186A}.Debug|Any CPU.ActiveCfg = Debug|Any CPU
		{2616CDA3-F713-48E3-B60B-BFB9A8CA186A}.Debug|Any CPU.Build.0 = Debug|Any CPU
		{2616CDA3-F713-48E3-B60B-BFB9A8CA186A}.Release|Any CPU.ActiveCfg = Release|Any CPU
		{2616CDA3-F713-48E3-B60B-BFB9A8CA186A}.Release|Any CPU.Build.0 = Release|Any CPU
	EndGlobalSection
	GlobalSection(SolutionProperties) = preSolution
		HideSolutionNode = FALSE
	EndGlobalSection
	GlobalSection(ExtensibilityGlobals) = postSolution
		SolutionGuid = {AE82A9A5-BE60-475A-BC70-8B835B97680A}
	EndGlobalSection
EndGlobal
